
Microsoft Visual Studio Solution File, Format Version 12.00
# Visual Studio 14
VisualStudioVersion = 14.0.24720.0
MinimumVisualStudioVersion = 10.0.40219.1
Project("{FAE04EC0-301F-11D3-BF4B-00C04F79EFBC}") = "AngularTraining.EventsApp", "AngularTraining.EventsApp.csproj", "{2F364707-008B-4D3A-AA20-6EAF8525D188}"
EndProject
Global
	GlobalSection(SolutionConfigurationPlatforms) = preSolution
		Debug|x86 = Debug|x86
		Release|x86 = Release|x86
	EndGlobalSection
	GlobalSection(ProjectConfigurationPlatforms) = postSolution
		{2F364707-008B-4D3A-AA20-6EAF8525D188}.Debug|x86.ActiveCfg = Debug|x86
		{2F364707-008B-4D3A-AA20-6EAF8525D188}.Debug|x86.Build.0 = Debug|x86
		{2F364707-008B-4D3A-AA20-6EAF8525D188}.Release|x86.ActiveCfg = Release|x86
		{2F364707-008B-4D3A-AA20-6EAF8525D188}.Release|x86.Build.0 = Release|x86
	EndGlobalSection
	GlobalSection(SolutionProperties) = preSolution
		HideSolutionNode = FALSE
	EndGlobalSection
EndGlobal
